
Microsoft Visual Studio Solution File, Format Version 12.00
# Visual Studio Version 17
VisualStudioVersion = 17.2.32526.322
MinimumVisualStudioVersion = 10.0.40219.1
Project("{FAE04EC0-301F-11D3-BF4B-00C04F79EFBC}") = "MvcCoreElastiCacheAWS", "MvcCoreElastiCacheAWS\MvcCoreElastiCacheAWS.csproj", "{FF3EE610-0D0C-49C2-806B-DDBC97659646}"
EndProject
Global
	GlobalSection(SolutionConfigurationPlatforms) = preSolution
		Debug|Any CPU = Debug|Any CPU
		Release|Any CPU = Release|Any CPU
	EndGlobalSection
	GlobalSection(ProjectConfigurationPlatforms) = postSolution
		{FF3EE610-0D0C-49C2-806B-DDBC97659646}.Debug|Any CPU.ActiveCfg = Debug|Any CPU
		{FF3EE610-0D0C-49C2-806B-DDBC97659646}.Debug|Any CPU.Build.0 = Debug|Any CPU
		{FF3EE610-0D0C-49C2-806B-DDBC97659646}.Release|Any CPU.ActiveCfg = Release|Any CPU
		{FF3EE610-0D0C-49C2-806B-DDBC97659646}.Release|Any CPU.Build.0 = Release|Any CPU
	EndGlobalSection
	GlobalSection(SolutionProperties) = preSolution
		HideSolutionNode = FALSE
	EndGlobalSection
	GlobalSection(ExtensibilityGlobals) = postSolution
		SolutionGuid = {9980190A-A2F9-4B5E-9760-F5E26EC27480}
	EndGlobalSection
EndGlobal
